
Microsoft Visual Studio Solution File, Format Version 12.00
# Visual Studio Version 16
VisualStudioVersion = 16.0.30804.86
MinimumVisualStudioVersion = 10.0.40219.1
Project("{FAE04EC0-301F-11D3-BF4B-00C04F79EFBC}") = "DirScan.Tests", "DirScan.Tests\DirScan.Tests.csproj", "{03D9C96B-FF0E-42AB-9229-71C3A95B345B}"
EndProject
Project("{FAE04EC0-301F-11D3-BF4B-00C04F79EFBC}") = "DirScan.Service", "DirScan.Service\DirScan.Service.csproj", "{4FBEA20F-3587-40AD-823B-8A8AAF07A956}"
EndProject
Global
	GlobalSection(SolutionConfigurationPlatforms) = preSolution
		Debug|Any CPU = Debug|Any CPU
		Release|Any CPU = Release|Any CPU
	EndGlobalSection
	GlobalSection(ProjectConfigurationPlatforms) = postSolution
		{03D9C96B-FF0E-42AB-9229-71C3A95B345B}.Debug|Any CPU.ActiveCfg = Debug|Any CPU
		{03D9C96B-FF0E-42AB-9229-71C3A95B345B}.Debug|Any CPU.Build.0 = Debug|Any CPU
		{03D9C96B-FF0E-42AB-9229-71C3A95B345B}.Release|Any CPU.ActiveCfg = Release|Any CPU
		{03D9C96B-FF0E-42AB-9229-71C3A95B345B}.Release|Any CPU.Build.0 = Release|Any CPU
		{4FBEA20F-3587-40AD-823B-8A8AAF07A956}.Debug|Any CPU.ActiveCfg = Debug|Any CPU
		{4FBEA20F-3587-40AD-823B-8A8AAF07A956}.Debug|Any CPU.Build.0 = Debug|Any CPU
		{4FBEA20F-3587-40AD-823B-8A8AAF07A956}.Release|Any CPU.ActiveCfg = Release|Any CPU
		{4FBEA20F-3587-40AD-823B-8A8AAF07A956}.Release|Any CPU.Build.0 = Release|Any CPU
	EndGlobalSection
	GlobalSection(SolutionProperties) = preSolution
		HideSolutionNode = FALSE
	EndGlobalSection
	GlobalSection(ExtensibilityGlobals) = postSolution
		SolutionGuid = {AF94F725-8A15-4DB3-A1EF-9AB443C66B1B}
	EndGlobalSection
EndGlobal
