
Microsoft Visual Studio Solution File, Format Version 12.00
# Visual Studio Version 16
VisualStudioVersion = 16.0.30804.86
MinimumVisualStudioVersion = 10.0.40219.1
Project("{FAE04EC0-301F-11D3-BF4B-00C04F79EFBC}") = "DirScan.Tests", "DirScan.Tests\DirScan.Tests.csproj", "{03D9C96B-FF0E-42AB-9229-71C3A95B345B}"
EndProject
Project("{FAE04EC0-301F-11D3-BF4B-00C04F79EFBC}") = "DirScan.Service", "DirScan.Service\DirScan.Service.csproj", "{4FBEA20F-3587-40AD-823B-8A8AAF07A956}"
EndProject
Project("{FAE04EC0-301F-11D3-BF4B-00C04F79EFBC}") = "DirScan.Client", "Dirscan.Client\DirScan.Client.csproj", "{A413F20B-8DA6-4178-8319-8B1457949B25}"
EndProject
Project("{FAE04EC0-301F-11D3-BF4B-00C04F79EFBC}") = "DirScan.Common", "DirScan.Common\DirScan.Common.csproj", "{CAFEB191-532C-4869-86DE-26D3989195A4}"
EndProject
Project("{FAE04EC0-301F-11D3-BF4B-00C04F79EFBC}") = "DirScan.Logging", "DirScan.Logging\DirScan.Logging.csproj", "{D1A285C4-0BFD-49DB-A7A6-FAC7B57AD716}"
EndProject
Project("{930C7802-8A8C-48F9-8165-68863BCCD9DD}") = "DirScan.Setup", "DirScan.Setup\DirScan.Setup.wixproj", "{2C7015B8-5EB0-498B-AC23-04E263F56502}"
EndProject
Global
	GlobalSection(SolutionConfigurationPlatforms) = preSolution
		Debug|Any CPU = Debug|Any CPU
		Debug|x86 = Debug|x86
		Release|Any CPU = Release|Any CPU
		Release|x86 = Release|x86
	EndGlobalSection
	GlobalSection(ProjectConfigurationPlatforms) = postSolution
		{03D9C96B-FF0E-42AB-9229-71C3A95B345B}.Debug|Any CPU.ActiveCfg = Debug|Any CPU
		{03D9C96B-FF0E-42AB-9229-71C3A95B345B}.Debug|Any CPU.Build.0 = Debug|Any CPU
		{03D9C96B-FF0E-42AB-9229-71C3A95B345B}.Debug|x86.ActiveCfg = Debug|Any CPU
		{03D9C96B-FF0E-42AB-9229-71C3A95B345B}.Debug|x86.Build.0 = Debug|Any CPU
		{03D9C96B-FF0E-42AB-9229-71C3A95B345B}.Release|Any CPU.ActiveCfg = Release|Any CPU
		{03D9C96B-FF0E-42AB-9229-71C3A95B345B}.Release|Any CPU.Build.0 = Release|Any CPU
		{03D9C96B-FF0E-42AB-9229-71C3A95B345B}.Release|x86.ActiveCfg = Release|Any CPU
		{03D9C96B-FF0E-42AB-9229-71C3A95B345B}.Release|x86.Build.0 = Release|Any CPU
		{4FBEA20F-3587-40AD-823B-8A8AAF07A956}.Debug|Any CPU.ActiveCfg = Debug|Any CPU
		{4FBEA20F-3587-40AD-823B-8A8AAF07A956}.Debug|Any CPU.Build.0 = Debug|Any CPU
		{4FBEA20F-3587-40AD-823B-8A8AAF07A956}.Debug|x86.ActiveCfg = Debug|Any CPU
		{4FBEA20F-3587-40AD-823B-8A8AAF07A956}.Debug|x86.Build.0 = Debug|Any CPU
		{4FBEA20F-3587-40AD-823B-8A8AAF07A956}.Release|Any CPU.ActiveCfg = Release|Any CPU
		{4FBEA20F-3587-40AD-823B-8A8AAF07A956}.Release|Any CPU.Build.0 = Release|Any CPU
		{4FBEA20F-3587-40AD-823B-8A8AAF07A956}.Release|x86.ActiveCfg = Release|Any CPU
		{4FBEA20F-3587-40AD-823B-8A8AAF07A956}.Release|x86.Build.0 = Release|Any CPU
		{A413F20B-8DA6-4178-8319-8B1457949B25}.Debug|Any CPU.ActiveCfg = Debug|Any CPU
		{A413F20B-8DA6-4178-8319-8B1457949B25}.Debug|Any CPU.Build.0 = Debug|Any CPU
		{A413F20B-8DA6-4178-8319-8B1457949B25}.Debug|x86.ActiveCfg = Debug|Any CPU
		{A413F20B-8DA6-4178-8319-8B1457949B25}.Debug|x86.Build.0 = Debug|Any CPU
		{A413F20B-8DA6-4178-8319-8B1457949B25}.Release|Any CPU.ActiveCfg = Release|Any CPU
		{A413F20B-8DA6-4178-8319-8B1457949B25}.Release|Any CPU.Build.0 = Release|Any CPU
		{A413F20B-8DA6-4178-8319-8B1457949B25}.Release|x86.ActiveCfg = Release|Any CPU
		{A413F20B-8DA6-4178-8319-8B1457949B25}.Release|x86.Build.0 = Release|Any CPU
		{CAFEB191-532C-4869-86DE-26D3989195A4}.Debug|Any CPU.ActiveCfg = Debug|Any CPU
		{CAFEB191-532C-4869-86DE-26D3989195A4}.Debug|Any CPU.Build.0 = Debug|Any CPU
		{CAFEB191-532C-4869-86DE-26D3989195A4}.Debug|x86.ActiveCfg = Debug|Any CPU
		{CAFEB191-532C-4869-86DE-26D3989195A4}.Debug|x86.Build.0 = Debug|Any CPU
		{CAFEB191-532C-4869-86DE-26D3989195A4}.Release|Any CPU.ActiveCfg = Release|Any CPU
		{CAFEB191-532C-4869-86DE-26D3989195A4}.Release|Any CPU.Build.0 = Release|Any CPU
		{CAFEB191-532C-4869-86DE-26D3989195A4}.Release|x86.ActiveCfg = Release|Any CPU
		{CAFEB191-532C-4869-86DE-26D3989195A4}.Release|x86.Build.0 = Release|Any CPU
		{D1A285C4-0BFD-49DB-A7A6-FAC7B57AD716}.Debug|Any CPU.ActiveCfg = Debug|Any CPU
		{D1A285C4-0BFD-49DB-A7A6-FAC7B57AD716}.Debug|Any CPU.Build.0 = Debug|Any CPU
		{D1A285C4-0BFD-49DB-A7A6-FAC7B57AD716}.Debug|x86.ActiveCfg = Debug|Any CPU
		{D1A285C4-0BFD-49DB-A7A6-FAC7B57AD716}.Debug|x86.Build.0 = Debug|Any CPU
		{D1A285C4-0BFD-49DB-A7A6-FAC7B57AD716}.Release|Any CPU.ActiveCfg = Release|Any CPU
		{D1A285C4-0BFD-49DB-A7A6-FAC7B57AD716}.Release|Any CPU.Build.0 = Release|Any CPU
		{D1A285C4-0BFD-49DB-A7A6-FAC7B57AD716}.Release|x86.ActiveCfg = Release|Any CPU
		{D1A285C4-0BFD-49DB-A7A6-FAC7B57AD716}.Release|x86.Build.0 = Release|Any CPU
		{2C7015B8-5EB0-498B-AC23-04E263F56502}.Debug|Any CPU.ActiveCfg = Debug|x86
		{2C7015B8-5EB0-498B-AC23-04E263F56502}.Debug|x86.ActiveCfg = Debug|x86
		{2C7015B8-5EB0-498B-AC23-04E263F56502}.Debug|x86.Build.0 = Debug|x86
		{2C7015B8-5EB0-498B-AC23-04E263F56502}.Release|Any CPU.ActiveCfg = Release|x86
		{2C7015B8-5EB0-498B-AC23-04E263F56502}.Release|x86.ActiveCfg = Release|x86
		{2C7015B8-5EB0-498B-AC23-04E263F56502}.Release|x86.Build.0 = Release|x86
	EndGlobalSection
	GlobalSection(SolutionProperties) = preSolution
		HideSolutionNode = FALSE
	EndGlobalSection
	GlobalSection(ExtensibilityGlobals) = postSolution
		SolutionGuid = {AF94F725-8A15-4DB3-A1EF-9AB443C66B1B}
	EndGlobalSection
EndGlobal
